
Microsoft Visual Studio Solution File, Format Version 12.00
# Visual Studio 14
VisualStudioVersion = 14.0.23107.0
MinimumVisualStudioVersion = 10.0.40219.1
Project("{8BC9CEB8-8B4A-11D0-8D11-00A0C91BC942}") = "Scope3", "Scope3\Scope3.vcxproj", "{E5A98E79-DC6E-4041-8B88-A79D028DEC3B}"
EndProject
Project("{8BC9CEB8-8B4A-11D0-8D11-00A0C91BC942}") = "test_datatype", "test_datatype\test_datatype.vcxproj", "{9E8477B1-59ED-481B-AAB4-668ED0C42D63}"
EndProject
Project("{8BC9CEB8-8B4A-11D0-8D11-00A0C91BC942}") = "Waveshapers", "Waveshapers\Waveshapers.vcxproj", "{C821B1C2-D6D0-4E2F-908B-0FE47CD8499E}"
EndProject
Project("{8BC9CEB8-8B4A-11D0-8D11-00A0C91BC942}") = "Gain", "Gain\Gain.vcxproj", "{411C7FFE-CC26-47D3-AE3C-89D9D5C68FFB}"
EndProject
Project("{8BC9CEB8-8B4A-11D0-8D11-00A0C91BC942}") = "keyboard", "keyboard2\keyboard.vcxproj", "{3B9CD88A-803E-4D2D-B70F-3D37C9BE262C}"
EndProject
Project("{8BC9CEB8-8B4A-11D0-8D11-00A0C91BC942}") = "VoiceMute", "VoiceMute\VoiceMute.vcxproj", "{3F202AE1-428C-407C-8C2B-A13393CCFB69}"
EndProject
Project("{8BC9CEB8-8B4A-11D0-8D11-00A0C91BC942}") = "Inverter", "Inverter\Inverter.vcxproj", "{1C3F03FC-92F0-4018-A5E9-57CC4B138CC3}"
EndProject
Project("{8BC9CEB8-8B4A-11D0-8D11-00A0C91BC942}") = "VoiceWatcherBlocker", "VoiceWatcherBlocker\VoiceWatcherBlocker.vcxproj", "{987290A4-0004-4559-A06A-0AC0D7499BF2}"
EndProject
Project("{8BC9CEB8-8B4A-11D0-8D11-00A0C91BC942}") = "EnveloperAdsr", "EnvelopeAdsr\Adsr.vcxproj", "{54287990-8726-4FB4-BFD0-1D3CF8B22A09}"
EndProject
Project("{8BC9CEB8-8B4A-11D0-8D11-00A0C91BC942}") = "QueLoader", "QueLoader\QueLoader.vcxproj", "{56F86A8C-B5D9-4837-ACC6-43102D8F2A2B}"
EndProject
Project("{8BC9CEB8-8B4A-11D0-8D11-00A0C91BC942}") = "AGain", "AGain\AGain.vcxproj", "{6C279092-519B-459B-B73D-B9564702749A}"
EndProject
Project("{8BC9CEB8-8B4A-11D0-8D11-00A0C91BC942}") = "Converters", "Converters\Converters.vcxproj", "{D6276C47-B9EE-459C-BCA2-53FA4C9F2C74}"
EndProject
Project("{8BC9CEB8-8B4A-11D0-8D11-00A0C91BC942}") = "AnimationTest", "TestAnimation\AnimationTest.vcxproj", "{41F6F0E3-8D47-49ED-9B73-3B8D3099BE05}"
EndProject
Project("{8BC9CEB8-8B4A-11D0-8D11-00A0C91BC942}") = "GuiCommunicationTest", "TestGuiCommunication\GuiCommunicationTest.vcxproj", "{F7213CEC-7092-43A9-AF46-9F58B32CD4C1}"
EndProject
Project("{8BC9CEB8-8B4A-11D0-8D11-00A0C91BC942}") = "TestTransparency", "TestTransparency\TestTransparency.vcxproj", "{B6C13911-A91C-4784-831E-8C09019E5F46}"
EndProject
Project("{8BC9CEB8-8B4A-11D0-8D11-00A0C91BC942}") = "Increment3", "Increment3\Increment3.vcxproj", "{7EE479AC-E185-4F48-98A5-CFA52E763F32}"
EndProject
Project("{8BC9CEB8-8B4A-11D0-8D11-00A0C91BC942}") = "SampleOscillator2", "Sample Oscillator2\SampleOscillator2.vcxproj", "{460635F6-315C-4637-A2C4-008D67C277D0}"
EndProject
Project("{8BC9CEB8-8B4A-11D0-8D11-00A0C91BC942}") = "EnvRetriggerModeAutoSet", "Retrigger Mode Auto Set\EnvRetriggerModeAutoSet.vcxproj", "{65CF5AEA-2A94-4F79-87EF-A09EFE6CFB96}"
EndProject
Project("{8BC9CEB8-8B4A-11D0-8D11-00A0C91BC942}") = "Spring2", "Spring2\Spring2.vcxproj", "{012F7E8E-C847-4991-905E-933E7F3F294E}"
EndProject
Project("{8BC9CEB8-8B4A-11D0-8D11-00A0C91BC942}") = "FloatLimiter", "FloatLimiter\FloatLimiter.vcxproj", "{09628C35-0EA3-441D-8CE0-432BDCDF2C72}"
EndProject
Project("{8BC9CEB8-8B4A-11D0-8D11-00A0C91BC942}") = "MidiLogger", "MIDI Logger\MidiLogger.vcxproj", "{11BDEAA6-394D-4429-B237-7B7F5EF994B1}"
EndProject
Project("{8BC9CEB8-8B4A-11D0-8D11-00A0C91BC942}") = "UnisonFix", "UnisonFix\UnisonFix.vcxproj", "{2281F961-CEF5-4DA7-9584-575163D0BA07}"
EndProject
Project("{8BC9CEB8-8B4A-11D0-8D11-00A0C91BC942}") = "PatchMemory", "PatchMemory\PatchMemory.vcxproj", "{31F1BB1F-8A20-4572-BEA6-6FEE434AAECF}"
EndProject
Project("{8BC9CEB8-8B4A-11D0-8D11-00A0C91BC942}") = "ListCombiner", "List Combiner\ListCombiner.vcxproj", "{F3590575-E105-492E-A5C8-6B0DDAA89419}"
EndProject
Project("{8BC9CEB8-8B4A-11D0-8D11-00A0C91BC942}") = "BpmClock3", "BPMClock3\BpmClock3.vcxproj", "{53004FC8-3421-434F-BBE1-2AE362147F9B}"
EndProject
Project("{8BC9CEB8-8B4A-11D0-8D11-00A0C91BC942}") = "BoolInverter", "BoolInverter\BoolInverter.vcxproj", "{7E1FBD03-DA3F-4BDB-9D69-9BCF49C7C250}"
EndProject
Project("{8BC9CEB8-8B4A-11D0-8D11-00A0C91BC942}") = "Triggerator", "Triggerator\Triggerator.vcxproj", "{FFF1D02D-E7B1-43E6-84EA-117BCB47BDAA}"
EndProject
Project("{8BC9CEB8-8B4A-11D0-8D11-00A0C91BC942}") = "Rectangle", "Rectangle\Rectangle.vcxproj", "{D1AC7C8E-0A75-4967-B649-292568A86274}"
EndProject
Project("{8BC9CEB8-8B4A-11D0-8D11-00A0C91BC942}") = "SystemCommand", "System Command\SystemCommand.vcxproj", "{83F738FA-1479-4CB4-982F-08153D6EDE97}"
EndProject
Project("{8BC9CEB8-8B4A-11D0-8D11-00A0C91BC942}") = "StreamingState", "Streaming State\StreamingState.vcxproj", "{A79C6CEB-0EEE-472A-81F9-227555F75726}"
EndProject
Project("{8BC9CEB8-8B4A-11D0-8D11-00A0C91BC942}") = "SampleRate", "SampleRate\SampleRate.vcxproj", "{21F28E9E-77F4-48C8-B822-234B08D58340}"
EndProject
Project("{8BC9CEB8-8B4A-11D0-8D11-00A0C91BC942}") = "GuitarDechannelizer", "Guitar De Channelizer\GuitarDechannelizer.vcxproj", "{7F9A1C1B-633F-41D9-A22D-D276F8543CBF}"
EndProject
Project("{8BC9CEB8-8B4A-11D0-8D11-00A0C91BC942}") = "MidiPlayer2", "MidiPlayer2\MidiPlayer2.vcxproj", "{93A61E14-215C-4D7A-B8E9-FFCA63B5FCC9}"
EndProject
Project("{8BC9CEB8-8B4A-11D0-8D11-00A0C91BC942}") = "PolyphonyControl", "PolyphonyControl\PolyphonyControl.vcxproj", "{2DEA607E-3282-463A-8CE6-64F8FE69995B}"
EndProject
Project("{8BC9CEB8-8B4A-11D0-8D11-00A0C91BC942}") = "OversamplingControl", "OversamplingControl\OversamplingControl.vcxproj", "{CCE3A7E1-6404-4FB0-969B-641C72066F42}"
EndProject
Project("{8BC9CEB8-8B4A-11D0-8D11-00A0C91BC942}") = "UserSettingText", "UserSetting\UserSettingText.vcxproj", "{DD63D2DF-5EB3-4C49-B90D-3C8B649A2C16}"
EndProject
Project("{8BC9CEB8-8B4A-11D0-8D11-00A0C91BC942}") = "SvFilter2", "SVFilter2\SvFilter2.vcxproj", "{A2A3219A-E261-4C45-8506-038FDFE42708}"
EndProject
Global
	GlobalSection(SolutionConfigurationPlatforms) = preSolution
		Debug|Win32 = Debug|Win32
		Debug|x64 = Debug|x64
		Release|Win32 = Release|Win32
		Release|x64 = Release|x64
	EndGlobalSection
	GlobalSection(ProjectConfigurationPlatforms) = postSolution
		{E5A98E79-DC6E-4041-8B88-A79D028DEC3B}.Debug|Win32.ActiveCfg = Debug|Win32
		{E5A98E79-DC6E-4041-8B88-A79D028DEC3B}.Debug|Win32.Build.0 = Debug|Win32
		{E5A98E79-DC6E-4041-8B88-A79D028DEC3B}.Debug|x64.ActiveCfg = Debug|Win32
		{E5A98E79-DC6E-4041-8B88-A79D028DEC3B}.Release|Win32.ActiveCfg = Release|Win32
		{E5A98E79-DC6E-4041-8B88-A79D028DEC3B}.Release|Win32.Build.0 = Release|Win32
		{E5A98E79-DC6E-4041-8B88-A79D028DEC3B}.Release|x64.ActiveCfg = Release|Win32
		{9E8477B1-59ED-481B-AAB4-668ED0C42D63}.Debug|Win32.ActiveCfg = Debug|Win32
		{9E8477B1-59ED-481B-AAB4-668ED0C42D63}.Debug|Win32.Build.0 = Debug|Win32
		{9E8477B1-59ED-481B-AAB4-668ED0C42D63}.Debug|x64.ActiveCfg = Debug|Win32
		{9E8477B1-59ED-481B-AAB4-668ED0C42D63}.Release|Win32.ActiveCfg = Release|Win32
		{9E8477B1-59ED-481B-AAB4-668ED0C42D63}.Release|Win32.Build.0 = Release|Win32
		{9E8477B1-59ED-481B-AAB4-668ED0C42D63}.Release|x64.ActiveCfg = Release|Win32
		{C821B1C2-D6D0-4E2F-908B-0FE47CD8499E}.Debug|Win32.ActiveCfg = Debug|Win32
		{C821B1C2-D6D0-4E2F-908B-0FE47CD8499E}.Debug|Win32.Build.0 = Debug|Win32
		{C821B1C2-D6D0-4E2F-908B-0FE47CD8499E}.Debug|x64.ActiveCfg = Debug|Win32
		{C821B1C2-D6D0-4E2F-908B-0FE47CD8499E}.Release|Win32.ActiveCfg = Release|Win32
		{C821B1C2-D6D0-4E2F-908B-0FE47CD8499E}.Release|Win32.Build.0 = Release|Win32
		{C821B1C2-D6D0-4E2F-908B-0FE47CD8499E}.Release|x64.ActiveCfg = Release|Win32
		{411C7FFE-CC26-47D3-AE3C-89D9D5C68FFB}.Debug|Win32.ActiveCfg = Debug|Win32
		{411C7FFE-CC26-47D3-AE3C-89D9D5C68FFB}.Debug|Win32.Build.0 = Debug|Win32
		{411C7FFE-CC26-47D3-AE3C-89D9D5C68FFB}.Debug|x64.ActiveCfg = Debug|Win32
		{411C7FFE-CC26-47D3-AE3C-89D9D5C68FFB}.Release|Win32.ActiveCfg = Release|Win32
		{411C7FFE-CC26-47D3-AE3C-89D9D5C68FFB}.Release|Win32.Build.0 = Release|Win32
		{411C7FFE-CC26-47D3-AE3C-89D9D5C68FFB}.Release|x64.ActiveCfg = Release|Win32
		{3B9CD88A-803E-4D2D-B70F-3D37C9BE262C}.Debug|Win32.ActiveCfg = Debug|Win32
		{3B9CD88A-803E-4D2D-B70F-3D37C9BE262C}.Debug|Win32.Build.0 = Debug|Win32
		{3B9CD88A-803E-4D2D-B70F-3D37C9BE262C}.Debug|x64.ActiveCfg = Debug|Win32
		{3B9CD88A-803E-4D2D-B70F-3D37C9BE262C}.Release|Win32.ActiveCfg = Release|Win32
		{3B9CD88A-803E-4D2D-B70F-3D37C9BE262C}.Release|Win32.Build.0 = Release|Win32
		{3B9CD88A-803E-4D2D-B70F-3D37C9BE262C}.Release|x64.ActiveCfg = Release|Win32
		{3F202AE1-428C-407C-8C2B-A13393CCFB69}.Debug|Win32.ActiveCfg = Debug|Win32
		{3F202AE1-428C-407C-8C2B-A13393CCFB69}.Debug|Win32.Build.0 = Debug|Win32
		{3F202AE1-428C-407C-8C2B-A13393CCFB69}.Debug|x64.ActiveCfg = Debug|Win32
		{3F202AE1-428C-407C-8C2B-A13393CCFB69}.Release|Win32.ActiveCfg = Release|Win32
		{3F202AE1-428C-407C-8C2B-A13393CCFB69}.Release|Win32.Build.0 = Release|Win32
		{3F202AE1-428C-407C-8C2B-A13393CCFB69}.Release|x64.ActiveCfg = Release|Win32
		{1C3F03FC-92F0-4018-A5E9-57CC4B138CC3}.Debug|Win32.ActiveCfg = Debug|Win32
		{1C3F03FC-92F0-4018-A5E9-57CC4B138CC3}.Debug|Win32.Build.0 = Debug|Win32
		{1C3F03FC-92F0-4018-A5E9-57CC4B138CC3}.Debug|x64.ActiveCfg = Debug|Win32
		{1C3F03FC-92F0-4018-A5E9-57CC4B138CC3}.Release|Win32.ActiveCfg = Release|Win32
		{1C3F03FC-92F0-4018-A5E9-57CC4B138CC3}.Release|Win32.Build.0 = Release|Win32
		{1C3F03FC-92F0-4018-A5E9-57CC4B138CC3}.Release|x64.ActiveCfg = Release|Win32
		{987290A4-0004-4559-A06A-0AC0D7499BF2}.Debug|Win32.ActiveCfg = Debug|Win32
		{987290A4-0004-4559-A06A-0AC0D7499BF2}.Debug|Win32.Build.0 = Debug|Win32
		{987290A4-0004-4559-A06A-0AC0D7499BF2}.Debug|x64.ActiveCfg = Debug|Win32
		{987290A4-0004-4559-A06A-0AC0D7499BF2}.Release|Win32.ActiveCfg = Release|Win32
		{987290A4-0004-4559-A06A-0AC0D7499BF2}.Release|Win32.Build.0 = Release|Win32
		{987290A4-0004-4559-A06A-0AC0D7499BF2}.Release|x64.ActiveCfg = Release|Win32
		{54287990-8726-4FB4-BFD0-1D3CF8B22A09}.Debug|Win32.ActiveCfg = Debug|Win32
		{54287990-8726-4FB4-BFD0-1D3CF8B22A09}.Debug|Win32.Build.0 = Debug|Win32
		{54287990-8726-4FB4-BFD0-1D3CF8B22A09}.Debug|x64.ActiveCfg = Debug|Win32
		{54287990-8726-4FB4-BFD0-1D3CF8B22A09}.Release|Win32.ActiveCfg = Release|Win32
		{54287990-8726-4FB4-BFD0-1D3CF8B22A09}.Release|Win32.Build.0 = Release|Win32
		{54287990-8726-4FB4-BFD0-1D3CF8B22A09}.Release|x64.ActiveCfg = Release|Win32
		{56F86A8C-B5D9-4837-ACC6-43102D8F2A2B}.Debug|Win32.ActiveCfg = Debug|Win32
		{56F86A8C-B5D9-4837-ACC6-43102D8F2A2B}.Debug|Win32.Build.0 = Debug|Win32
		{56F86A8C-B5D9-4837-ACC6-43102D8F2A2B}.Debug|x64.ActiveCfg = Debug|Win32
		{56F86A8C-B5D9-4837-ACC6-43102D8F2A2B}.Release|Win32.ActiveCfg = Release|Win32
		{56F86A8C-B5D9-4837-ACC6-43102D8F2A2B}.Release|Win32.Build.0 = Release|Win32
		{56F86A8C-B5D9-4837-ACC6-43102D8F2A2B}.Release|x64.ActiveCfg = Release|Win32
		{6C279092-519B-459B-B73D-B9564702749A}.Debug|Win32.ActiveCfg = Debug|Win32
		{6C279092-519B-459B-B73D-B9564702749A}.Debug|Win32.Build.0 = Debug|Win32
		{6C279092-519B-459B-B73D-B9564702749A}.Debug|x64.ActiveCfg = Debug|Win32
		{6C279092-519B-459B-B73D-B9564702749A}.Release|Win32.ActiveCfg = Release|Win32
		{6C279092-519B-459B-B73D-B9564702749A}.Release|Win32.Build.0 = Release|Win32
		{6C279092-519B-459B-B73D-B9564702749A}.Release|x64.ActiveCfg = Release|Win32
		{D6276C47-B9EE-459C-BCA2-53FA4C9F2C74}.Debug|Win32.ActiveCfg = Debug|Win32
		{D6276C47-B9EE-459C-BCA2-53FA4C9F2C74}.Debug|Win32.Build.0 = Debug|Win32
		{D6276C47-B9EE-459C-BCA2-53FA4C9F2C74}.Debug|x64.ActiveCfg = Debug|Win32
		{D6276C47-B9EE-459C-BCA2-53FA4C9F2C74}.Release|Win32.ActiveCfg = Release|Win32
		{D6276C47-B9EE-459C-BCA2-53FA4C9F2C74}.Release|Win32.Build.0 = Release|Win32
		{D6276C47-B9EE-459C-BCA2-53FA4C9F2C74}.Release|x64.ActiveCfg = Release|Win32
		{41F6F0E3-8D47-49ED-9B73-3B8D3099BE05}.Debug|Win32.ActiveCfg = Debug|Win32
		{41F6F0E3-8D47-49ED-9B73-3B8D3099BE05}.Debug|Win32.Build.0 = Debug|Win32
		{41F6F0E3-8D47-49ED-9B73-3B8D3099BE05}.Debug|x64.ActiveCfg = Debug|x64
		{41F6F0E3-8D47-49ED-9B73-3B8D3099BE05}.Debug|x64.Build.0 = Debug|x64
		{41F6F0E3-8D47-49ED-9B73-3B8D3099BE05}.Release|Win32.ActiveCfg = Release|Win32
		{41F6F0E3-8D47-49ED-9B73-3B8D3099BE05}.Release|Win32.Build.0 = Release|Win32
		{41F6F0E3-8D47-49ED-9B73-3B8D3099BE05}.Release|x64.ActiveCfg = Release|x64
		{41F6F0E3-8D47-49ED-9B73-3B8D3099BE05}.Release|x64.Build.0 = Release|x64
		{F7213CEC-7092-43A9-AF46-9F58B32CD4C1}.Debug|Win32.ActiveCfg = Debug|Win32
		{F7213CEC-7092-43A9-AF46-9F58B32CD4C1}.Debug|Win32.Build.0 = Debug|Win32
		{F7213CEC-7092-43A9-AF46-9F58B32CD4C1}.Debug|x64.ActiveCfg = Debug|Win32
		{F7213CEC-7092-43A9-AF46-9F58B32CD4C1}.Release|Win32.ActiveCfg = Release|Win32
		{F7213CEC-7092-43A9-AF46-9F58B32CD4C1}.Release|Win32.Build.0 = Release|Win32
		{F7213CEC-7092-43A9-AF46-9F58B32CD4C1}.Release|x64.ActiveCfg = Release|Win32
		{B6C13911-A91C-4784-831E-8C09019E5F46}.Debug|Win32.ActiveCfg = Debug|Win32
		{B6C13911-A91C-4784-831E-8C09019E5F46}.Debug|Win32.Build.0 = Debug|Win32
		{B6C13911-A91C-4784-831E-8C09019E5F46}.Debug|x64.ActiveCfg = Debug|Win32
		{B6C13911-A91C-4784-831E-8C09019E5F46}.Release|Win32.ActiveCfg = Release|Win32
		{B6C13911-A91C-4784-831E-8C09019E5F46}.Release|Win32.Build.0 = Release|Win32
		{B6C13911-A91C-4784-831E-8C09019E5F46}.Release|x64.ActiveCfg = Release|Win32
		{7EE479AC-E185-4F48-98A5-CFA52E763F32}.Debug|Win32.ActiveCfg = Debug|Win32
		{7EE479AC-E185-4F48-98A5-CFA52E763F32}.Debug|Win32.Build.0 = Debug|Win32
		{7EE479AC-E185-4F48-98A5-CFA52E763F32}.Debug|x64.ActiveCfg = Debug|Win32
		{7EE479AC-E185-4F48-98A5-CFA52E763F32}.Release|Win32.ActiveCfg = Release|Win32
		{7EE479AC-E185-4F48-98A5-CFA52E763F32}.Release|Win32.Build.0 = Release|Win32
		{7EE479AC-E185-4F48-98A5-CFA52E763F32}.Release|x64.ActiveCfg = Release|Win32
		{460635F6-315C-4637-A2C4-008D67C277D0}.Debug|Win32.ActiveCfg = Debug|Win32
		{460635F6-315C-4637-A2C4-008D67C277D0}.Debug|Win32.Build.0 = Debug|Win32
		{460635F6-315C-4637-A2C4-008D67C277D0}.Debug|x64.ActiveCfg = Debug|Win32
		{460635F6-315C-4637-A2C4-008D67C277D0}.Release|Win32.ActiveCfg = Release|Win32
		{460635F6-315C-4637-A2C4-008D67C277D0}.Release|Win32.Build.0 = Release|Win32
		{460635F6-315C-4637-A2C4-008D67C277D0}.Release|x64.ActiveCfg = Release|Win32
		{65CF5AEA-2A94-4F79-87EF-A09EFE6CFB96}.Debug|Win32.ActiveCfg = Debug|Win32
		{65CF5AEA-2A94-4F79-87EF-A09EFE6CFB96}.Debug|Win32.Build.0 = Debug|Win32
		{65CF5AEA-2A94-4F79-87EF-A09EFE6CFB96}.Debug|x64.ActiveCfg = Debug|Win32
		{65CF5AEA-2A94-4F79-87EF-A09EFE6CFB96}.Release|Win32.ActiveCfg = Release|Win32
		{65CF5AEA-2A94-4F79-87EF-A09EFE6CFB96}.Release|Win32.Build.0 = Release|Win32
		{65CF5AEA-2A94-4F79-87EF-A09EFE6CFB96}.Release|x64.ActiveCfg = Release|Win32
		{012F7E8E-C847-4991-905E-933E7F3F294E}.Debug|Win32.ActiveCfg = Debug|Win32
		{012F7E8E-C847-4991-905E-933E7F3F294E}.Debug|Win32.Build.0 = Debug|Win32
		{012F7E8E-C847-4991-905E-933E7F3F294E}.Debug|x64.ActiveCfg = Debug|Win32
		{012F7E8E-C847-4991-905E-933E7F3F294E}.Release|Win32.ActiveCfg = Release|Win32
		{012F7E8E-C847-4991-905E-933E7F3F294E}.Release|Win32.Build.0 = Release|Win32
		{012F7E8E-C847-4991-905E-933E7F3F294E}.Release|x64.ActiveCfg = Release|Win32
		{09628C35-0EA3-441D-8CE0-432BDCDF2C72}.Debug|Win32.ActiveCfg = Debug|Win32
		{09628C35-0EA3-441D-8CE0-432BDCDF2C72}.Debug|Win32.Build.0 = Debug|Win32
		{09628C35-0EA3-441D-8CE0-432BDCDF2C72}.Debug|x64.ActiveCfg = Debug|x64
		{09628C35-0EA3-441D-8CE0-432BDCDF2C72}.Debug|x64.Build.0 = Debug|x64
		{09628C35-0EA3-441D-8CE0-432BDCDF2C72}.Release|Win32.ActiveCfg = Release|Win32
		{09628C35-0EA3-441D-8CE0-432BDCDF2C72}.Release|Win32.Build.0 = Release|Win32
		{09628C35-0EA3-441D-8CE0-432BDCDF2C72}.Release|x64.ActiveCfg = Release|x64
		{09628C35-0EA3-441D-8CE0-432BDCDF2C72}.Release|x64.Build.0 = Release|x64
		{11BDEAA6-394D-4429-B237-7B7F5EF994B1}.Debug|Win32.ActiveCfg = Debug|Win32
		{11BDEAA6-394D-4429-B237-7B7F5EF994B1}.Debug|Win32.Build.0 = Debug|Win32
		{11BDEAA6-394D-4429-B237-7B7F5EF994B1}.Debug|x64.ActiveCfg = Debug|Win32
		{11BDEAA6-394D-4429-B237-7B7F5EF994B1}.Release|Win32.ActiveCfg = Release|Win32
		{11BDEAA6-394D-4429-B237-7B7F5EF994B1}.Release|Win32.Build.0 = Release|Win32
		{11BDEAA6-394D-4429-B237-7B7F5EF994B1}.Release|x64.ActiveCfg = Release|Win32
		{2281F961-CEF5-4DA7-9584-575163D0BA07}.Debug|Win32.ActiveCfg = Debug|Win32
		{2281F961-CEF5-4DA7-9584-575163D0BA07}.Debug|Win32.Build.0 = Debug|Win32
		{2281F961-CEF5-4DA7-9584-575163D0BA07}.Debug|x64.ActiveCfg = Debug|Win32
		{2281F961-CEF5-4DA7-9584-575163D0BA07}.Release|Win32.ActiveCfg = Release|Win32
		{2281F961-CEF5-4DA7-9584-575163D0BA07}.Release|Win32.Build.0 = Release|Win32
		{2281F961-CEF5-4DA7-9584-575163D0BA07}.Release|x64.ActiveCfg = Release|Win32
		{31F1BB1F-8A20-4572-BEA6-6FEE434AAECF}.Debug|Win32.ActiveCfg = Debug|Win32
		{31F1BB1F-8A20-4572-BEA6-6FEE434AAECF}.Debug|Win32.Build.0 = Debug|Win32
		{31F1BB1F-8A20-4572-BEA6-6FEE434AAECF}.Debug|x64.ActiveCfg = Debug|Win32
		{31F1BB1F-8A20-4572-BEA6-6FEE434AAECF}.Release|Win32.ActiveCfg = Release|Win32
		{31F1BB1F-8A20-4572-BEA6-6FEE434AAECF}.Release|Win32.Build.0 = Release|Win32
		{31F1BB1F-8A20-4572-BEA6-6FEE434AAECF}.Release|x64.ActiveCfg = Release|Win32
		{F3590575-E105-492E-A5C8-6B0DDAA89419}.Debug|Win32.ActiveCfg = Debug|Win32
		{F3590575-E105-492E-A5C8-6B0DDAA89419}.Debug|Win32.Build.0 = Debug|Win32
		{F3590575-E105-492E-A5C8-6B0DDAA89419}.Debug|x64.ActiveCfg = Debug|Win32
		{F3590575-E105-492E-A5C8-6B0DDAA89419}.Release|Win32.ActiveCfg = Release|Win32
		{F3590575-E105-492E-A5C8-6B0DDAA89419}.Release|Win32.Build.0 = Release|Win32
		{F3590575-E105-492E-A5C8-6B0DDAA89419}.Release|x64.ActiveCfg = Release|Win32
		{53004FC8-3421-434F-BBE1-2AE362147F9B}.Debug|Win32.ActiveCfg = Debug|Win32
		{53004FC8-3421-434F-BBE1-2AE362147F9B}.Debug|Win32.Build.0 = Debug|Win32
		{53004FC8-3421-434F-BBE1-2AE362147F9B}.Debug|x64.ActiveCfg = Debug|Win32
		{53004FC8-3421-434F-BBE1-2AE362147F9B}.Release|Win32.ActiveCfg = Release|Win32
		{53004FC8-3421-434F-BBE1-2AE362147F9B}.Release|Win32.Build.0 = Release|Win32
		{53004FC8-3421-434F-BBE1-2AE362147F9B}.Release|x64.ActiveCfg = Release|Win32
		{7E1FBD03-DA3F-4BDB-9D69-9BCF49C7C250}.Debug|Win32.ActiveCfg = Debug|Win32
		{7E1FBD03-DA3F-4BDB-9D69-9BCF49C7C250}.Debug|Win32.Build.0 = Debug|Win32
		{7E1FBD03-DA3F-4BDB-9D69-9BCF49C7C250}.Debug|x64.ActiveCfg = Debug|Win32
		{7E1FBD03-DA3F-4BDB-9D69-9BCF49C7C250}.Release|Win32.ActiveCfg = Release|Win32
		{7E1FBD03-DA3F-4BDB-9D69-9BCF49C7C250}.Release|Win32.Build.0 = Release|Win32
		{7E1FBD03-DA3F-4BDB-9D69-9BCF49C7C250}.Release|x64.ActiveCfg = Release|Win32
		{FFF1D02D-E7B1-43E6-84EA-117BCB47BDAA}.Debug|Win32.ActiveCfg = Debug|Win32
		{FFF1D02D-E7B1-43E6-84EA-117BCB47BDAA}.Debug|Win32.Build.0 = Debug|Win32
		{FFF1D02D-E7B1-43E6-84EA-117BCB47BDAA}.Debug|x64.ActiveCfg = Debug|Win32
		{FFF1D02D-E7B1-43E6-84EA-117BCB47BDAA}.Release|Win32.ActiveCfg = Release|Win32
		{FFF1D02D-E7B1-43E6-84EA-117BCB47BDAA}.Release|Win32.Build.0 = Release|Win32
		{FFF1D02D-E7B1-43E6-84EA-117BCB47BDAA}.Release|x64.ActiveCfg = Release|Win32
		{D1AC7C8E-0A75-4967-B649-292568A86274}.Debug|Win32.ActiveCfg = Debug|Win32
		{D1AC7C8E-0A75-4967-B649-292568A86274}.Debug|Win32.Build.0 = Debug|Win32
		{D1AC7C8E-0A75-4967-B649-292568A86274}.Debug|x64.ActiveCfg = Debug|Win32
		{D1AC7C8E-0A75-4967-B649-292568A86274}.Release|Win32.ActiveCfg = Release|Win32
		{D1AC7C8E-0A75-4967-B649-292568A86274}.Release|Win32.Build.0 = Release|Win32
		{D1AC7C8E-0A75-4967-B649-292568A86274}.Release|x64.ActiveCfg = Release|Win32
		{83F738FA-1479-4CB4-982F-08153D6EDE97}.Debug|Win32.ActiveCfg = Debug|Win32
		{83F738FA-1479-4CB4-982F-08153D6EDE97}.Debug|Win32.Build.0 = Debug|Win32
		{83F738FA-1479-4CB4-982F-08153D6EDE97}.Debug|x64.ActiveCfg = Debug|Win32
		{83F738FA-1479-4CB4-982F-08153D6EDE97}.Release|Win32.ActiveCfg = Release|Win32
		{83F738FA-1479-4CB4-982F-08153D6EDE97}.Release|Win32.Build.0 = Release|Win32
		{83F738FA-1479-4CB4-982F-08153D6EDE97}.Release|x64.ActiveCfg = Release|Win32
		{A79C6CEB-0EEE-472A-81F9-227555F75726}.Debug|Win32.ActiveCfg = Debug|Win32
		{A79C6CEB-0EEE-472A-81F9-227555F75726}.Debug|Win32.Build.0 = Debug|Win32
		{A79C6CEB-0EEE-472A-81F9-227555F75726}.Debug|x64.ActiveCfg = Debug|Win32
		{A79C6CEB-0EEE-472A-81F9-227555F75726}.Release|Win32.ActiveCfg = Release|Win32
		{A79C6CEB-0EEE-472A-81F9-227555F75726}.Release|Win32.Build.0 = Release|Win32
		{A79C6CEB-0EEE-472A-81F9-227555F75726}.Release|x64.ActiveCfg = Release|Win32
		{21F28E9E-77F4-48C8-B822-234B08D58340}.Debug|Win32.ActiveCfg = Debug|Win32
		{21F28E9E-77F4-48C8-B822-234B08D58340}.Debug|Win32.Build.0 = Debug|Win32
		{21F28E9E-77F4-48C8-B822-234B08D58340}.Debug|x64.ActiveCfg = Debug|Win32
		{21F28E9E-77F4-48C8-B822-234B08D58340}.Release|Win32.ActiveCfg = Release|Win32
		{21F28E9E-77F4-48C8-B822-234B08D58340}.Release|Win32.Build.0 = Release|Win32
		{21F28E9E-77F4-48C8-B822-234B08D58340}.Release|x64.ActiveCfg = Release|Win32
		{7F9A1C1B-633F-41D9-A22D-D276F8543CBF}.Debug|Win32.ActiveCfg = Debug|Win32
		{7F9A1C1B-633F-41D9-A22D-D276F8543CBF}.Debug|Win32.Build.0 = Debug|Win32
		{7F9A1C1B-633F-41D9-A22D-D276F8543CBF}.Debug|x64.ActiveCfg = Debug|Win32
		{7F9A1C1B-633F-41D9-A22D-D276F8543CBF}.Release|Win32.ActiveCfg = Release|Win32
		{7F9A1C1B-633F-41D9-A22D-D276F8543CBF}.Release|Win32.Build.0 = Release|Win32
		{7F9A1C1B-633F-41D9-A22D-D276F8543CBF}.Release|x64.ActiveCfg = Release|Win32
		{93A61E14-215C-4D7A-B8E9-FFCA63B5FCC9}.Debug|Win32.ActiveCfg = Debug|Win32
		{93A61E14-215C-4D7A-B8E9-FFCA63B5FCC9}.Debug|Win32.Build.0 = Debug|Win32
		{93A61E14-215C-4D7A-B8E9-FFCA63B5FCC9}.Debug|x64.ActiveCfg = Debug|x64
		{93A61E14-215C-4D7A-B8E9-FFCA63B5FCC9}.Debug|x64.Build.0 = Debug|x64
		{93A61E14-215C-4D7A-B8E9-FFCA63B5FCC9}.Release|Win32.ActiveCfg = Release|Win32
		{93A61E14-215C-4D7A-B8E9-FFCA63B5FCC9}.Release|Win32.Build.0 = Release|Win32
		{93A61E14-215C-4D7A-B8E9-FFCA63B5FCC9}.Release|x64.ActiveCfg = Release|x64
		{93A61E14-215C-4D7A-B8E9-FFCA63B5FCC9}.Release|x64.Build.0 = Release|x64
		{2DEA607E-3282-463A-8CE6-64F8FE69995B}.Debug|Win32.ActiveCfg = Debug|Win32
		{2DEA607E-3282-463A-8CE6-64F8FE69995B}.Debug|Win32.Build.0 = Debug|Win32
		{2DEA607E-3282-463A-8CE6-64F8FE69995B}.Debug|x64.ActiveCfg = Debug|x64
		{2DEA607E-3282-463A-8CE6-64F8FE69995B}.Debug|x64.Build.0 = Debug|x64
		{2DEA607E-3282-463A-8CE6-64F8FE69995B}.Release|Win32.ActiveCfg = Release|Win32
		{2DEA607E-3282-463A-8CE6-64F8FE69995B}.Release|Win32.Build.0 = Release|Win32
		{2DEA607E-3282-463A-8CE6-64F8FE69995B}.Release|x64.ActiveCfg = Release|x64
		{2DEA607E-3282-463A-8CE6-64F8FE69995B}.Release|x64.Build.0 = Release|x64
		{CCE3A7E1-6404-4FB0-969B-641C72066F42}.Debug|Win32.ActiveCfg = Debug|Win32
		{CCE3A7E1-6404-4FB0-969B-641C72066F42}.Debug|Win32.Build.0 = Debug|Win32
		{CCE3A7E1-6404-4FB0-969B-641C72066F42}.Debug|x64.ActiveCfg = Debug|x64
		{CCE3A7E1-6404-4FB0-969B-641C72066F42}.Debug|x64.Build.0 = Debug|x64
		{CCE3A7E1-6404-4FB0-969B-641C72066F42}.Release|Win32.ActiveCfg = Release|Win32
		{CCE3A7E1-6404-4FB0-969B-641C72066F42}.Release|Win32.Build.0 = Release|Win32
		{CCE3A7E1-6404-4FB0-969B-641C72066F42}.Release|x64.ActiveCfg = Release|x64
		{CCE3A7E1-6404-4FB0-969B-641C72066F42}.Release|x64.Build.0 = Release|x64
		{DD63D2DF-5EB3-4C49-B90D-3C8B649A2C16}.Debug|Win32.ActiveCfg = Debug|Win32
		{DD63D2DF-5EB3-4C49-B90D-3C8B649A2C16}.Debug|Win32.Build.0 = Debug|Win32
		{DD63D2DF-5EB3-4C49-B90D-3C8B649A2C16}.Debug|x64.ActiveCfg = Debug|x64
		{DD63D2DF-5EB3-4C49-B90D-3C8B649A2C16}.Debug|x64.Build.0 = Debug|x64
		{DD63D2DF-5EB3-4C49-B90D-3C8B649A2C16}.Release|Win32.ActiveCfg = Release|Win32
		{DD63D2DF-5EB3-4C49-B90D-3C8B649A2C16}.Release|Win32.Build.0 = Release|Win32
		{DD63D2DF-5EB3-4C49-B90D-3C8B649A2C16}.Release|x64.ActiveCfg = Release|x64
		{DD63D2DF-5EB3-4C49-B90D-3C8B649A2C16}.Release|x64.Build.0 = Release|x64
		{A2A3219A-E261-4C45-8506-038FDFE42708}.Debug|Win32.ActiveCfg = Debug|Win32
		{A2A3219A-E261-4C45-8506-038FDFE42708}.Debug|Win32.Build.0 = Debug|Win32
		{A2A3219A-E261-4C45-8506-038FDFE42708}.Debug|x64.ActiveCfg = Debug|x64
		{A2A3219A-E261-4C45-8506-038FDFE42708}.Debug|x64.Build.0 = Debug|x64
		{A2A3219A-E261-4C45-8506-038FDFE42708}.Release|Win32.ActiveCfg = Release|Win32
		{A2A3219A-E261-4C45-8506-038FDFE42708}.Release|Win32.Build.0 = Release|Win32
		{A2A3219A-E261-4C45-8506-038FDFE42708}.Release|x64.ActiveCfg = Release|x64
		{A2A3219A-E261-4C45-8506-038FDFE42708}.Release|x64.Build.0 = Release|x64
	EndGlobalSection
	GlobalSection(SolutionProperties) = preSolution
		HideSolutionNode = FALSE
	EndGlobalSection
EndGlobal
