<?xml version="1.0" encoding="utf-8"?>
<Project ToolsVersion="4.0" xmlns="http://schemas.microsoft.com/developer/msbuild/2003">
  <ItemGroup>
    <Filter Include="Source Files">
      <UniqueIdentifier>{4FC737F1-C7A5-4376-A066-2A32D752A2FF}</UniqueIdentifier>
      <Extensions>cpp;c;cc;cxx;def;odl;idl;hpj;bat;asm;asmx</Extensions>
    </Filter>
    <Filter Include="Header Files">
      <UniqueIdentifier>{93995380-89BD-4b04-88EB-625FBE52EBFB}</UniqueIdentifier>
      <Extensions>h;hpp;hxx;hm;inl;inc;xsd</Extensions>
    </Filter>
    <Filter Include="Resource Files">
      <UniqueIdentifier>{67DA6AB6-F800-4c08-8B7A-83BB121AAD01}</UniqueIdentifier>
      <Extensions>rc;ico;cur;bmp;dlg;rc2;rct;bin;rgs;gif;jpg;jpeg;jpe;resx;tiff;tif;png;wav</Extensions>
    </Filter>
    <Filter Include="sdk">
      <UniqueIdentifier>{2a8973e2-f65f-4451-b425-390466dfc5ff}</UniqueIdentifier>
    </Filter>
  </ItemGroup>
  <ItemGroup>
    <ClCompile Include="CommandTriggerGui.cpp">
      <Filter>Source Files</Filter>
    </ClCompile>
    <ClCompile Include="Converters.cpp">
      <Filter>Source Files</Filter>
    </ClCompile>
    <ClCompile Include="ConvertersGui.cpp">
      <Filter>Source Files</Filter>
    </ClCompile>
    <ClCompile Include="FloatToText.cpp">
      <Filter>Source Files</Filter>
    </ClCompile>
    <ClCompile Include="ImageToFrameGui.cpp">
      <Filter>Source Files</Filter>
    </ClCompile>
    <ClCompile Include="IntToBoolsGui.cpp">
      <Filter>Source Files</Filter>
    </ClCompile>
    <ClCompile Include="ListToTextGui.cpp">
      <Filter>Source Files</Filter>
    </ClCompile>
    <ClCompile Include="my_type_convert.cpp">
      <Filter>Source Files</Filter>
    </ClCompile>
    <ClCompile Include="FloatScaler2Gui.cpp">
      <Filter>Source Files</Filter>
    </ClCompile>
    <ClCompile Include="FloatFormulaGui.cpp">
      <Filter>Source Files</Filter>
    </ClCompile>
    <ClCompile Include="FloatFormula.cpp">
      <Filter>Source Files</Filter>
    </ClCompile>
    <ClCompile Include="DbToAnimationGui.cpp">
      <Filter>Source Files</Filter>
    </ClCompile>
    <ClCompile Include="UnitConverter.cpp">
      <Filter>Source Files</Filter>
    </ClCompile>
    <ClCompile Include="BoolSplitterGui.cpp">
      <Filter>Source Files</Filter>
    </ClCompile>
    <ClCompile Include="..\se_sdk3\it_enum_list.cpp">
      <Filter>sdk</Filter>
    </ClCompile>
    <ClCompile Include="..\shared\expression_evaluate.cpp">
      <Filter>sdk</Filter>
    </ClCompile>
    <ClCompile Include="..\se_sdk3\MP_SDK_Audio.cpp">
      <Filter>sdk</Filter>
    </ClCompile>
    <ClCompile Include="..\se_sdk3\MP_SDK_common.cpp">
      <Filter>sdk</Filter>
    </ClCompile>
    <ClCompile Include="..\se_sdk3\mp_sdk_gui.cpp">
      <Filter>sdk</Filter>
    </ClCompile>
    <ClCompile Include="ListToAnimationGui.cpp">
      <Filter>Source Files</Filter>
    </ClCompile>
  </ItemGroup>
  <ItemGroup>
    <None Include="Converters.xml" />
  </ItemGroup>
  <ItemGroup>
    <ClInclude Include="CommandTriggerGui.h">
      <Filter>Header Files</Filter>
    </ClInclude>
    <ClInclude Include="Converters.h">
      <Filter>Header Files</Filter>
    </ClInclude>
    <ClInclude Include="ConvertersGui.h">
      <Filter>Header Files</Filter>
    </ClInclude>
    <ClInclude Include="FloatToText.h">
      <Filter>Header Files</Filter>
    </ClInclude>
    <ClInclude Include="ImageToFrameGui.h">
      <Filter>Header Files</Filter>
    </ClInclude>
    <ClInclude Include="IntToBoolsGui.h">
      <Filter>Header Files</Filter>
    </ClInclude>
    <ClInclude Include="..\se_sdk3\it_enum_list.h">
      <Filter>Header Files</Filter>
    </ClInclude>
    <ClInclude Include="ListToTextGui.h">
      <Filter>Header Files</Filter>
    </ClInclude>
    <ClInclude Include="..\se_sdk3\MP_SDK_common.h">
      <Filter>Header Files</Filter>
    </ClInclude>
    <ClInclude Include="..\se_sdk3\mp_sdk_gui.h">
      <Filter>Header Files</Filter>
    </ClInclude>
    <ClInclude Include="my_type_convert.h">
      <Filter>Header Files</Filter>
    </ClInclude>
    <ClInclude Include="resource.h">
      <Filter>Header Files</Filter>
    </ClInclude>
    <ClInclude Include="FloatScaler2Gui.h">
      <Filter>Header Files</Filter>
    </ClInclude>
    <ClInclude Include="FloatFormulaGui.h">
      <Filter>Header Files</Filter>
    </ClInclude>
    <ClInclude Include="FloatFormula.h">
      <Filter>Header Files</Filter>
    </ClInclude>
    <ClInclude Include="DbToAnimationGui.h">
      <Filter>Header Files</Filter>
    </ClInclude>
    <ClInclude Include="UnitConverter.h">
      <Filter>Header Files</Filter>
    </ClInclude>
    <ClInclude Include="..\shared\expression_evaluate.h">
      <Filter>Header Files</Filter>
    </ClInclude>
    <ClInclude Include="BoolSplitterGui.h">
      <Filter>Header Files</Filter>
    </ClInclude>
  </ItemGroup>
  <ItemGroup>
    <ResourceCompile Include="Converters.rc">
      <Filter>Resource Files</Filter>
    </ResourceCompile>
  </ItemGroup>
</Project>