
Microsoft Visual Studio Solution File, Format Version 10.00
# Visual Studio 2008
Project("{8BC9CEB8-8B4A-11D0-8D11-00A0C91BC942}") = "VoiceWatcherBlocker", "VoiceWatcherBlocker.vcproj", "{987290A4-0004-4559-A06A-0AC0D7499BF2}"
EndProject
Global
	GlobalSection(SolutionConfigurationPlatforms) = preSolution
		Debug|Win32 = Debug|Win32
		Release|Win32 = Release|Win32
	EndGlobalSection
	GlobalSection(ProjectConfigurationPlatforms) = postSolution
		{987290A4-0004-4559-A06A-0AC0D7499BF2}.Debug|Win32.ActiveCfg = Debug|Win32
		{987290A4-0004-4559-A06A-0AC0D7499BF2}.Debug|Win32.Build.0 = Debug|Win32
		{987290A4-0004-4559-A06A-0AC0D7499BF2}.Release|Win32.ActiveCfg = Release|Win32
		{987290A4-0004-4559-A06A-0AC0D7499BF2}.Release|Win32.Build.0 = Release|Win32
	EndGlobalSection
	GlobalSection(SolutionProperties) = preSolution
		HideSolutionNode = FALSE
	EndGlobalSection
EndGlobal
