<?xml version="1.0" encoding="utf-8"?>
<Project ToolsVersion="4.0" xmlns="http://schemas.microsoft.com/developer/msbuild/2003">
  <ItemGroup>
    <Filter Include="Source Files">
      <UniqueIdentifier>{4FC737F1-C7A5-4376-A066-2A32D752A2FF}</UniqueIdentifier>
      <Extensions>cpp;c;cc;cxx;def;odl;idl;hpj;bat;asm;asmx</Extensions>
    </Filter>
    <Filter Include="Header Files">
      <UniqueIdentifier>{93995380-89BD-4b04-88EB-625FBE52EBFB}</UniqueIdentifier>
      <Extensions>h;hpp;hxx;hm;inl;inc;xsd</Extensions>
    </Filter>
    <Filter Include="Resource Files">
      <UniqueIdentifier>{67DA6AB6-F800-4c08-8B7A-83BB121AAD01}</UniqueIdentifier>
      <Extensions>rc;ico;cur;bmp;dlg;rc2;rct;bin;rgs;gif;jpg;jpeg;jpe;resx;tiff;tif;png;wav</Extensions>
    </Filter>
    <Filter Include="sdk">
      <UniqueIdentifier>{1ef83786-1078-47ab-9c29-12c07dee07a0}</UniqueIdentifier>
    </Filter>
  </ItemGroup>
  <ItemGroup>
    <ClCompile Include="PatchInfoGui.cpp">
      <Filter>Source Files</Filter>
    </ClCompile>
    <ClCompile Include="PatchMemoryBool.cpp">
      <Filter>Source Files</Filter>
    </ClCompile>
    <ClCompile Include="PatchMemoryBoolGui.cpp">
      <Filter>Source Files</Filter>
    </ClCompile>
    <ClCompile Include="PatchMemoryBoolOutGui.cpp">
      <Filter>Source Files</Filter>
    </ClCompile>
    <ClCompile Include="PatchMemoryFloat.cpp">
      <Filter>Source Files</Filter>
    </ClCompile>
    <ClCompile Include="PatchMemoryfloatGui.cpp">
      <Filter>Source Files</Filter>
    </ClCompile>
    <ClCompile Include="PatchMemoryInt.cpp">
      <Filter>Source Files</Filter>
    </ClCompile>
    <ClCompile Include="PatchMemoryIntGui.cpp">
      <Filter>Source Files</Filter>
    </ClCompile>
    <ClCompile Include="PatchMemoryIntOutGui.cpp">
      <Filter>Source Files</Filter>
    </ClCompile>
    <ClCompile Include="PatchMemoryList.cpp">
      <Filter>Source Files</Filter>
    </ClCompile>
    <ClCompile Include="PatchMemoryListGui.cpp">
      <Filter>Source Files</Filter>
    </ClCompile>
    <ClCompile Include="PatchMemoryText.cpp">
      <Filter>Source Files</Filter>
    </ClCompile>
    <ClCompile Include="PatchMemoryTextGui.cpp">
      <Filter>Source Files</Filter>
    </ClCompile>
    <ClCompile Include="PatchMemoryTextOutGui.cpp">
      <Filter>Source Files</Filter>
    </ClCompile>
    <ClCompile Include="PatchMemoryBlobOutGui.cpp">
      <Filter>Source Files</Filter>
    </ClCompile>
    <ClCompile Include="PatchMemoryBlob.cpp">
      <Filter>Source Files</Filter>
    </ClCompile>
    <ClCompile Include="PatchMemoryBlobGui.cpp">
      <Filter>Source Files</Filter>
    </ClCompile>
    <ClCompile Include="PatchMemoryFloatOutGui.cpp">
      <Filter>Source Files</Filter>
    </ClCompile>
    <ClCompile Include="SubpatchManagerGui.cpp">
      <Filter>Source Files</Filter>
    </ClCompile>
    <ClCompile Include="..\se_sdk3\MP_SDK_GUI.cpp">
      <Filter>sdk</Filter>
    </ClCompile>
    <ClCompile Include="..\se_sdk3\MP_SDK_Audio.cpp">
      <Filter>sdk</Filter>
    </ClCompile>
    <ClCompile Include="..\se_sdk3\MP_SDK_common.cpp">
      <Filter>sdk</Filter>
    </ClCompile>
    <ClCompile Include="PatchBrowserGui.cpp">
      <Filter>Source Files</Filter>
    </ClCompile>
    <ClCompile Include="..\se_sdk3\it_enum_list.cpp">
      <Filter>sdk</Filter>
    </ClCompile>
    <ClCompile Include="..\shared\FileFinder.cpp">
      <Filter>sdk</Filter>
    </ClCompile>
  </ItemGroup>
  <ItemGroup>
    <ClInclude Include="..\se_sdk3\MP_SDK_Audio.h">
      <Filter>Header Files</Filter>
    </ClInclude>
    <ClInclude Include="..\se_sdk3\mp_sdk_common.h">
      <Filter>Header Files</Filter>
    </ClInclude>
    <ClInclude Include="..\se_sdk3\MP_SDK_GUI.h">
      <Filter>Header Files</Filter>
    </ClInclude>
    <ClInclude Include="PatchInfoGui.h">
      <Filter>Header Files</Filter>
    </ClInclude>
    <ClInclude Include="PatchMemoryBool.h">
      <Filter>Header Files</Filter>
    </ClInclude>
    <ClInclude Include="PatchMemoryBoolGui.h">
      <Filter>Header Files</Filter>
    </ClInclude>
    <ClInclude Include="PatchMemoryBoolOutGui.h">
      <Filter>Header Files</Filter>
    </ClInclude>
    <ClInclude Include="PatchMemoryFloat.h">
      <Filter>Header Files</Filter>
    </ClInclude>
    <ClInclude Include="PatchMemoryFloatGui.h">
      <Filter>Header Files</Filter>
    </ClInclude>
    <ClInclude Include="PatchMemoryFloatOutGui.h">
      <Filter>Header Files</Filter>
    </ClInclude>
    <ClInclude Include="PatchMemoryInt.h">
      <Filter>Header Files</Filter>
    </ClInclude>
    <ClInclude Include="PatchMemoryIntGui.h">
      <Filter>Header Files</Filter>
    </ClInclude>
    <ClInclude Include="PatchMemoryIntOutGui.h">
      <Filter>Header Files</Filter>
    </ClInclude>
    <ClInclude Include="PatchMemoryList.h">
      <Filter>Header Files</Filter>
    </ClInclude>
    <ClInclude Include="PatchMemoryListGui.h">
      <Filter>Header Files</Filter>
    </ClInclude>
    <ClInclude Include="PatchMemoryText.h">
      <Filter>Header Files</Filter>
    </ClInclude>
    <ClInclude Include="PatchMemoryTextGui.h">
      <Filter>Header Files</Filter>
    </ClInclude>
    <ClInclude Include="PatchMemoryTextOutGui.h">
      <Filter>Header Files</Filter>
    </ClInclude>
    <ClInclude Include="resource.h">
      <Filter>Header Files</Filter>
    </ClInclude>
    <ClInclude Include="PatchMemoryBlobOutGui.h">
      <Filter>Header Files</Filter>
    </ClInclude>
    <ClInclude Include="PatchMemoryBlob.h">
      <Filter>Header Files</Filter>
    </ClInclude>
    <ClInclude Include="PatchMemoryBlobGui.h">
      <Filter>Header Files</Filter>
    </ClInclude>
    <ClInclude Include="PatchMemoryText.xml.h">
      <Filter>Header Files</Filter>
    </ClInclude>
    <ClInclude Include="PatchMemoryFloat.xml.h">
      <Filter>Header Files</Filter>
    </ClInclude>
    <ClInclude Include="PatchMemoryBoolOut.xml.h">
      <Filter>Header Files</Filter>
    </ClInclude>
    <ClInclude Include="SubpatchManagerGui.h">
      <Filter>Source Files</Filter>
    </ClInclude>
    <ClInclude Include="..\se_sdk3\it_enum_list.h">
      <Filter>sdk</Filter>
    </ClInclude>
    <ClInclude Include="..\shared\FileFinder.h">
      <Filter>sdk</Filter>
    </ClInclude>
  </ItemGroup>
  <ItemGroup>
    <ResourceCompile Include="PatchMemory.rc">
      <Filter>Resource Files</Filter>
    </ResourceCompile>
  </ItemGroup>
  <ItemGroup>
    <None Include="PatchMemory.xml" />
  </ItemGroup>
</Project>