
Microsoft Visual Studio Solution File, Format Version 11.00
# Visual Studio 2010
Project("{8BC9CEB8-8B4A-11D0-8D11-00A0C91BC942}") = "keyboard", "keyboard.vcxproj", "{3B9CD88A-803E-4D2D-B70F-3D37C9BE262C}"
EndProject
Global
	GlobalSection(SolutionConfigurationPlatforms) = preSolution
		Debug|Win32 = Debug|Win32
		Release|Win32 = Release|Win32
	EndGlobalSection
	GlobalSection(ProjectConfigurationPlatforms) = postSolution
		{3B9CD88A-803E-4D2D-B70F-3D37C9BE262C}.Debug|Win32.ActiveCfg = Debug|Win32
		{3B9CD88A-803E-4D2D-B70F-3D37C9BE262C}.Debug|Win32.Build.0 = Debug|Win32
		{3B9CD88A-803E-4D2D-B70F-3D37C9BE262C}.Release|Win32.ActiveCfg = Release|Win32
		{3B9CD88A-803E-4D2D-B70F-3D37C9BE262C}.Release|Win32.Build.0 = Release|Win32
	EndGlobalSection
	GlobalSection(SolutionProperties) = preSolution
		HideSolutionNode = FALSE
	EndGlobalSection
EndGlobal
