<?xml version="1.0" encoding="utf-8"?>
<Project ToolsVersion="4.0" xmlns="http://schemas.microsoft.com/developer/msbuild/2003">
  <ItemGroup>
    <Filter Include="Source Files">
      <UniqueIdentifier>{4FC737F1-C7A5-4376-A066-2A32D752A2FF}</UniqueIdentifier>
      <Extensions>cpp;c;cc;cxx;def;odl;idl;hpj;bat;asm;asmx</Extensions>
    </Filter>
    <Filter Include="Header Files">
      <UniqueIdentifier>{93995380-89BD-4b04-88EB-625FBE52EBFB}</UniqueIdentifier>
      <Extensions>h;hpp;hxx;hm;inl;inc;xsd</Extensions>
    </Filter>
    <Filter Include="Resource Files">
      <UniqueIdentifier>{67DA6AB6-F800-4c08-8B7A-83BB121AAD01}</UniqueIdentifier>
      <Extensions>rc;ico;cur;bmp;dlg;rc2;rct;bin;rgs;gif;jpg;jpeg;jpe;resx;tiff;tif;png;wav</Extensions>
    </Filter>
    <Filter Include="sdk">
      <UniqueIdentifier>{209a8bcf-30cf-4e7d-ae4e-4212c367c5a1}</UniqueIdentifier>
    </Filter>
  </ItemGroup>
  <ItemGroup>
    <ClCompile Include="CSoundFont.cpp">
      <Filter>Source Files</Filter>
    </ClCompile>
    <ClCompile Include="SampleExclusiveFilter.cpp">
      <Filter>Source Files</Filter>
    </ClCompile>
    <ClCompile Include="SampleLoader2.cpp">
      <Filter>Source Files</Filter>
    </ClCompile>
    <ClCompile Include="SampleLoader2Gui.cpp">
      <Filter>Source Files</Filter>
    </ClCompile>
    <ClCompile Include="SampleManager.cpp">
      <Filter>Source Files</Filter>
    </ClCompile>
    <ClCompile Include="SampleOscillator2.cpp">
      <Filter>Source Files</Filter>
    </ClCompile>
    <ClCompile Include="soundfont_user.cpp">
      <Filter>Source Files</Filter>
    </ClCompile>
    <ClCompile Include="..\se_sdk3\mp_sdk_audio.cpp">
      <Filter>sdk</Filter>
    </ClCompile>
    <ClCompile Include="..\se_sdk3\mp_sdk_common.cpp">
      <Filter>sdk</Filter>
    </ClCompile>
    <ClCompile Include="..\se_sdk3\mp_sdk_gui.cpp">
      <Filter>sdk</Filter>
    </ClCompile>
    <ClCompile Include="RiffFile2.cpp">
      <Filter>Source Files</Filter>
    </ClCompile>
  </ItemGroup>
  <ItemGroup>
    <None Include="..\se_sdk3\module.def">
      <Filter>Source Files</Filter>
    </None>
    <None Include="SampleOscillator2.xml" />
  </ItemGroup>
  <ItemGroup>
    <ClInclude Include="csoundfont.h">
      <Filter>Header Files</Filter>
    </ClInclude>
    <ClInclude Include="SampleExclusiveFilter.h">
      <Filter>Header Files</Filter>
    </ClInclude>
    <ClInclude Include="SampleLoader2.h">
      <Filter>Header Files</Filter>
    </ClInclude>
    <ClInclude Include="SampleManager.h">
      <Filter>Header Files</Filter>
    </ClInclude>
    <ClInclude Include="SampleOscillator2.h">
      <Filter>Header Files</Filter>
    </ClInclude>
    <ClInclude Include="soundfont_user.h">
      <Filter>Header Files</Filter>
    </ClInclude>
    <ClInclude Include="SampleLoader2Gui.h">
      <Filter>Header Files</Filter>
    </ClInclude>
    <ClInclude Include="..\se_sdk3\mp_sdk_audio.h">
      <Filter>sdk</Filter>
    </ClInclude>
    <ClInclude Include="..\se_sdk3\mp_sdk_common.h">
      <Filter>sdk</Filter>
    </ClInclude>
    <ClInclude Include="..\se_sdk3\mp_sdk_gui.h">
      <Filter>sdk</Filter>
    </ClInclude>
    <ClInclude Include="resource.h">
      <Filter>Resource Files</Filter>
    </ClInclude>
    <ClInclude Include="RiffFile2.h">
      <Filter>Source Files</Filter>
    </ClInclude>
  </ItemGroup>
  <ItemGroup>
    <ResourceCompile Include="SampleOscillator2.rc">
      <Filter>Resource Files</Filter>
    </ResourceCompile>
  </ItemGroup>
</Project>