
Microsoft Visual Studio Solution File, Format Version 11.00
# Visual Studio 2010
Project("{8BC9CEB8-8B4A-11D0-8D11-00A0C91BC942}") = "FloatLimiter", "FloatLimiter.vcxproj", "{09628C35-0EA3-441D-8CE0-432BDCDF2C72}"
EndProject
Global
	GlobalSection(SolutionConfigurationPlatforms) = preSolution
		Debug|Win32 = Debug|Win32
		Release|Win32 = Release|Win32
	EndGlobalSection
	GlobalSection(ProjectConfigurationPlatforms) = postSolution
		{09628C35-0EA3-441D-8CE0-432BDCDF2C72}.Debug|Win32.ActiveCfg = Debug|Win32
		{09628C35-0EA3-441D-8CE0-432BDCDF2C72}.Debug|Win32.Build.0 = Debug|Win32
		{09628C35-0EA3-441D-8CE0-432BDCDF2C72}.Release|Win32.ActiveCfg = Release|Win32
		{09628C35-0EA3-441D-8CE0-432BDCDF2C72}.Release|Win32.Build.0 = Release|Win32
	EndGlobalSection
	GlobalSection(SolutionProperties) = preSolution
		HideSolutionNode = FALSE
	EndGlobalSection
EndGlobal
